
Microsoft Visual Studio Solution File, Format Version 12.00
# Visual Studio Version 16
VisualStudioVersion = 16.0.30804.86
MinimumVisualStudioVersion = 10.0.40219.1
Project("{FAE04EC0-301F-11D3-BF4B-00C04F79EFBC}") = "VotingCore", "VotingCore\VotingCore.csproj", "{DAA90A1B-57F6-485A-8A9B-50ADF12BF977}"
EndProject
Global
	GlobalSection(SolutionConfigurationPlatforms) = preSolution
		Debug|Any CPU = Debug|Any CPU
		Release|Any CPU = Release|Any CPU
	EndGlobalSection
	GlobalSection(ProjectConfigurationPlatforms) = postSolution
		{DAA90A1B-57F6-485A-8A9B-50ADF12BF977}.Debug|Any CPU.ActiveCfg = Debug|Any CPU
		{DAA90A1B-57F6-485A-8A9B-50ADF12BF977}.Debug|Any CPU.Build.0 = Debug|Any CPU
		{DAA90A1B-57F6-485A-8A9B-50ADF12BF977}.Release|Any CPU.ActiveCfg = Release|Any CPU
		{DAA90A1B-57F6-485A-8A9B-50ADF12BF977}.Release|Any CPU.Build.0 = Release|Any CPU
	EndGlobalSection
	GlobalSection(SolutionProperties) = preSolution
		HideSolutionNode = FALSE
	EndGlobalSection
	GlobalSection(ExtensibilityGlobals) = postSolution
		SolutionGuid = {117D5475-CBAE-4CAA-BF70-63B6F3A863CB}
	EndGlobalSection
EndGlobal
